
Microsoft Visual Studio Solution File, Format Version 12.00
# Visual Studio Version 16
VisualStudioVersion = 16.0.32901.82
MinimumVisualStudioVersion = 10.0.40219.1
Project("{FAE04EC0-301F-11D3-BF4B-00C04F79EFBC}") = "PriorityQueueCsharp", "PriorityQueueCsharp.csproj", "{FE5EC152-B601-4AA7-AEB9-4BC64D45D5CE}"
EndProject
Global
	GlobalSection(SolutionConfigurationPlatforms) = preSolution
		Debug|Any CPU = Debug|Any CPU
		Release|Any CPU = Release|Any CPU
	EndGlobalSection
	GlobalSection(ProjectConfigurationPlatforms) = postSolution
		{FE5EC152-B601-4AA7-AEB9-4BC64D45D5CE}.Debug|Any CPU.ActiveCfg = Debug|Any CPU
		{FE5EC152-B601-4AA7-AEB9-4BC64D45D5CE}.Debug|Any CPU.Build.0 = Debug|Any CPU
		{FE5EC152-B601-4AA7-AEB9-4BC64D45D5CE}.Release|Any CPU.ActiveCfg = Release|Any CPU
		{FE5EC152-B601-4AA7-AEB9-4BC64D45D5CE}.Release|Any CPU.Build.0 = Release|Any CPU
	EndGlobalSection
	GlobalSection(SolutionProperties) = preSolution
		HideSolutionNode = FALSE
	EndGlobalSection
	GlobalSection(ExtensibilityGlobals) = postSolution
		SolutionGuid = {1D531960-8FB8-4D4D-8BD7-49C48552B80F}
	EndGlobalSection
EndGlobal
